// !$*UTF8*$!
{
	archiveVersion = 1;
	classes = {
	};
	objectVersion = 56;
	objects = {

/* Begin PBXBuildFile section */
		73D4FBF72A09D4B900170744 /* MusicalModel.swift in Sources */ = {isa = PBXBuildFile; fileRef = 73D4FBF62A09D4B900170744 /* MusicalModel.swift */; };
		C5CF642D2A08841600D24B61 /* MainApp.swift in Sources */ = {isa = PBXBuildFile; fileRef = C5CF642C2A08841600D24B61 /* MainApp.swift */; };
		C5CF642F2A08841600D24B61 /* MainView.swift in Sources */ = {isa = PBXBuildFile; fileRef = C5CF642E2A08841600D24B61 /* MainView.swift */; };
		C5CF64312A08841700D24B61 /* Assets.xcassets in Resources */ = {isa = PBXBuildFile; fileRef = C5CF64302A08841700D24B61 /* Assets.xcassets */; };
		C5CF64342A08841700D24B61 /* Preview Assets.xcassets in Resources */ = {isa = PBXBuildFile; fileRef = C5CF64332A08841700D24B61 /* Preview Assets.xcassets */; };
		C5CF643E2A08841700D24B61 /* MainTests.swift in Sources */ = {isa = PBXBuildFile; fileRef = C5CF643D2A08841700D24B61 /* MainTests.swift */; };
		C5CF64482A08841700D24B61 /* MainUITests.swift in Sources */ = {isa = PBXBuildFile; fileRef = C5CF64472A08841700D24B61 /* MainUITests.swift */; };
		C5CF644A2A08841700D24B61 /* MainUITestsLaunchTests.swift in Sources */ = {isa = PBXBuildFile; fileRef = C5CF64492A08841700D24B61 /* MainUITestsLaunchTests.swift */; };
		C5CF64582A08865D00D24B61 /* ObjectView.swift in Sources */ = {isa = PBXBuildFile; fileRef = C5CF64572A08865D00D24B61 /* ObjectView.swift */; };
/* End PBXBuildFile section */

/* Begin PBXContainerItemProxy section */
		C5CF643A2A08841700D24B61 /* PBXContainerItemProxy */ = {
			isa = PBXContainerItemProxy;
			containerPortal = C5CF64212A08841600D24B61 /* Project object */;
			proxyType = 1;
			remoteGlobalIDString = C5CF64282A08841600D24B61;
			remoteInfo = Main;
		};
		C5CF64442A08841700D24B61 /* PBXContainerItemProxy */ = {
			isa = PBXContainerItemProxy;
			containerPortal = C5CF64212A08841600D24B61 /* Project object */;
			proxyType = 1;
			remoteGlobalIDString = C5CF64282A08841600D24B61;
			remoteInfo = Main;
		};
/* End PBXContainerItemProxy section */

/* Begin PBXFileReference section */
		73D4FBF62A09D4B900170744 /* MusicalModel.swift */ = {isa = PBXFileReference; lastKnownFileType = sourcecode.swift; path = MusicalModel.swift; sourceTree = "<group>"; };
		C5CF64292A08841600D24B61 /* Main.app */ = {isa = PBXFileReference; explicitFileType = wrapper.application; includeInIndex = 0; path = Main.app; sourceTree = BUILT_PRODUCTS_DIR; };
		C5CF642C2A08841600D24B61 /* MainApp.swift */ = {isa = PBXFileReference; lastKnownFileType = sourcecode.swift; path = MainApp.swift; sourceTree = "<group>"; };
		C5CF642E2A08841600D24B61 /* MainView.swift */ = {isa = PBXFileReference; lastKnownFileType = sourcecode.swift; path = MainView.swift; sourceTree = "<group>"; };
		C5CF64302A08841700D24B61 /* Assets.xcassets */ = {isa = PBXFileReference; lastKnownFileType = folder.assetcatalog; path = Assets.xcassets; sourceTree = "<group>"; };
		C5CF64332A08841700D24B61 /* Preview Assets.xcassets */ = {isa = PBXFileReference; lastKnownFileType = folder.assetcatalog; path = "Preview Assets.xcassets"; sourceTree = "<group>"; };
		C5CF64392A08841700D24B61 /* MainTests.xctest */ = {isa = PBXFileReference; explicitFileType = wrapper.cfbundle; includeInIndex = 0; path = MainTests.xctest; sourceTree = BUILT_PRODUCTS_DIR; };
		C5CF643D2A08841700D24B61 /* MainTests.swift */ = {isa = PBXFileReference; lastKnownFileType = sourcecode.swift; path = MainTests.swift; sourceTree = "<group>"; };
		C5CF64432A08841700D24B61 /* MainUITests.xctest */ = {isa = PBXFileReference; explicitFileType = wrapper.cfbundle; includeInIndex = 0; path = MainUITests.xctest; sourceTree = BUILT_PRODUCTS_DIR; };
		C5CF64472A08841700D24B61 /* MainUITests.swift */ = {isa = PBXFileReference; lastKnownFileType = sourcecode.swift; path = MainUITests.swift; sourceTree = "<group>"; };
		C5CF64492A08841700D24B61 /* MainUITestsLaunchTests.swift */ = {isa = PBXFileReference; lastKnownFileType = sourcecode.swift; path = MainUITestsLaunchTests.swift; sourceTree = "<group>"; };
		C5CF64572A08865D00D24B61 /* ObjectView.swift */ = {isa = PBXFileReference; lastKnownFileType = sourcecode.swift; path = ObjectView.swift; sourceTree = "<group>"; };
/* End PBXFileReference section */

/* Begin PBXFrameworksBuildPhase section */
		C5CF64262A08841600D24B61 /* Frameworks */ = {
			isa = PBXFrameworksBuildPhase;
			buildActionMask = 2147483647;
			files = (
			);
			runOnlyForDeploymentPostprocessing = 0;
		};
		C5CF64362A08841700D24B61 /* Frameworks */ = {
			isa = PBXFrameworksBuildPhase;
			buildActionMask = 2147483647;
			files = (
			);
			runOnlyForDeploymentPostprocessing = 0;
		};
		C5CF64402A08841700D24B61 /* Frameworks */ = {
			isa = PBXFrameworksBuildPhase;
			buildActionMask = 2147483647;
			files = (
			);
			runOnlyForDeploymentPostprocessing = 0;
		};
/* End PBXFrameworksBuildPhase section */

/* Begin PBXGroup section */
		C5CF64202A08841600D24B61 = {
			isa = PBXGroup;
			children = (
				C5CF642B2A08841600D24B61 /* Main */,
				C5CF643C2A08841700D24B61 /* MainTests */,
				C5CF64462A08841700D24B61 /* MainUITests */,
				C5CF642A2A08841600D24B61 /* Products */,
			);
			sourceTree = "<group>";
		};
		C5CF642A2A08841600D24B61 /* Products */ = {
			isa = PBXGroup;
			children = (
				C5CF64292A08841600D24B61 /* Main.app */,
				C5CF64392A08841700D24B61 /* MainTests.xctest */,
				C5CF64432A08841700D24B61 /* MainUITests.xctest */,
			);
			name = Products;
			sourceTree = "<group>";
		};
		C5CF642B2A08841600D24B61 /* Main */ = {
			isa = PBXGroup;
			children = (
				C5CF642C2A08841600D24B61 /* MainApp.swift */,
				C5CF642E2A08841600D24B61 /* MainView.swift */,
				73D4FBF62A09D4B900170744 /* MusicalModel.swift */,
				C5CF64302A08841700D24B61 /* Assets.xcassets */,
				C5CF64562A08864200D24B61 /* Component */,
				C5CF64322A08841700D24B61 /* Preview Content */,
			);
			path = Main;
			sourceTree = "<group>";
		};
		C5CF64322A08841700D24B61 /* Preview Content */ = {
			isa = PBXGroup;
			children = (
				C5CF64332A08841700D24B61 /* Preview Assets.xcassets */,
			);
			path = "Preview Content";
			sourceTree = "<group>";
		};
		C5CF643C2A08841700D24B61 /* MainTests */ = {
			isa = PBXGroup;
			children = (
				C5CF643D2A08841700D24B61 /* MainTests.swift */,
			);
			path = MainTests;
			sourceTree = "<group>";
		};
		C5CF64462A08841700D24B61 /* MainUITests */ = {
			isa = PBXGroup;
			children = (
				C5CF64472A08841700D24B61 /* MainUITests.swift */,
				C5CF64492A08841700D24B61 /* MainUITestsLaunchTests.swift */,
			);
			path = MainUITests;
			sourceTree = "<group>";
		};
		C5CF64562A08864200D24B61 /* Component */ = {
			isa = PBXGroup;
			children = (
				C5CF64572A08865D00D24B61 /* ObjectView.swift */,
			);
			path = Component;
			sourceTree = "<group>";
		};
/* End PBXGroup section */

/* Begin PBXNativeTarget section */
		C5CF64282A08841600D24B61 /* Main */ = {
			isa = PBXNativeTarget;
			buildConfigurationList = C5CF644D2A08841700D24B61 /* Build configuration list for PBXNativeTarget "Main" */;
			buildPhases = (
				C5CF64252A08841600D24B61 /* Sources */,
				C5CF64262A08841600D24B61 /* Frameworks */,
				C5CF64272A08841600D24B61 /* Resources */,
			);
			buildRules = (
			);
			dependencies = (
			);
			name = Main;
			productName = Main;
			productReference = C5CF64292A08841600D24B61 /* Main.app */;
			productType = "com.apple.product-type.application";
		};
		C5CF64382A08841700D24B61 /* MainTests */ = {
			isa = PBXNativeTarget;
			buildConfigurationList = C5CF64502A08841700D24B61 /* Build configuration list for PBXNativeTarget "MainTests" */;
			buildPhases = (
				C5CF64352A08841700D24B61 /* Sources */,
				C5CF64362A08841700D24B61 /* Frameworks */,
				C5CF64372A08841700D24B61 /* Resources */,
			);
			buildRules = (
			);
			dependencies = (
				C5CF643B2A08841700D24B61 /* PBXTargetDependency */,
			);
			name = MainTests;
			productName = MainTests;
			productReference = C5CF64392A08841700D24B61 /* MainTests.xctest */;
			productType = "com.apple.product-type.bundle.unit-test";
		};
		C5CF64422A08841700D24B61 /* MainUITests */ = {
			isa = PBXNativeTarget;
			buildConfigurationList = C5CF64532A08841700D24B61 /* Build configuration list for PBXNativeTarget "MainUITests" */;
			buildPhases = (
				C5CF643F2A08841700D24B61 /* Sources */,
				C5CF64402A08841700D24B61 /* Frameworks */,
				C5CF64412A08841700D24B61 /* Resources */,
			);
			buildRules = (
			);
			dependencies = (
				C5CF64452A08841700D24B61 /* PBXTargetDependency */,
			);
			name = MainUITests;
			productName = MainUITests;
			productReference = C5CF64432A08841700D24B61 /* MainUITests.xctest */;
			productType = "com.apple.product-type.bundle.ui-testing";
		};
/* End PBXNativeTarget section */

/* Begin PBXProject section */
		C5CF64212A08841600D24B61 /* Project object */ = {
			isa = PBXProject;
			attributes = {
				BuildIndependentTargetsInParallel = 1;
				LastSwiftUpdateCheck = 1430;
				LastUpgradeCheck = 1430;
				TargetAttributes = {
					C5CF64282A08841600D24B61 = {
						CreatedOnToolsVersion = 14.3;
					};
					C5CF64382A08841700D24B61 = {
						CreatedOnToolsVersion = 14.3;
						TestTargetID = C5CF64282A08841600D24B61;
					};
					C5CF64422A08841700D24B61 = {
						CreatedOnToolsVersion = 14.3;
						TestTargetID = C5CF64282A08841600D24B61;
					};
				};
			};
			buildConfigurationList = C5CF64242A08841600D24B61 /* Build configuration list for PBXProject "Main" */;
			compatibilityVersion = "Xcode 14.0";
			developmentRegion = en;
			hasScannedForEncodings = 0;
			knownRegions = (
				en,
				Base,
			);
			mainGroup = C5CF64202A08841600D24B61;
			productRefGroup = C5CF642A2A08841600D24B61 /* Products */;
			projectDirPath = "";
			projectRoot = "";
			targets = (
				C5CF64282A08841600D24B61 /* Main */,
				C5CF64382A08841700D24B61 /* MainTests */,
				C5CF64422A08841700D24B61 /* MainUITests */,
			);
		};
/* End PBXProject section */

/* Begin PBXResourcesBuildPhase section */
		C5CF64272A08841600D24B61 /* Resources */ = {
			isa = PBXResourcesBuildPhase;
			buildActionMask = 2147483647;
			files = (
				C5CF64342A08841700D24B61 /* Preview Assets.xcassets in Resources */,
				C5CF64312A08841700D24B61 /* Assets.xcassets in Resources */,
			);
			runOnlyForDeploymentPostprocessing = 0;
		};
		C5CF64372A08841700D24B61 /* Resources */ = {
			isa = PBXResourcesBuildPhase;
			buildActionMask = 2147483647;
			files = (
			);
			runOnlyForDeploymentPostprocessing = 0;
		};
		C5CF64412A08841700D24B61 /* Resources */ = {
			isa = PBXResourcesBuildPhase;
			buildActionMask = 2147483647;
			files = (
			);
			runOnlyForDeploymentPostprocessing = 0;
		};
/* End PBXResourcesBuildPhase section */

/* Begin PBXSourcesBuildPhase section */
		C5CF64252A08841600D24B61 /* Sources */ = {
			isa = PBXSourcesBuildPhase;
			buildActionMask = 2147483647;
			files = (
				73D4FBF72A09D4B900170744 /* MusicalModel.swift in Sources */,
				C5CF642F2A08841600D24B61 /* MainView.swift in Sources */,
				C5CF64582A08865D00D24B61 /* ObjectView.swift in Sources */,
				C5CF642D2A08841600D24B61 /* MainApp.swift in Sources */,
			);
			runOnlyForDeploymentPostprocessing = 0;
		};
		C5CF64352A08841700D24B61 /* Sources */ = {
			isa = PBXSourcesBuildPhase;
			buildActionMask = 2147483647;
			files = (
				C5CF643E2A08841700D24B61 /* MainTests.swift in Sources */,
			);
			runOnlyForDeploymentPostprocessing = 0;
		};
		C5CF643F2A08841700D24B61 /* Sources */ = {
			isa = PBXSourcesBuildPhase;
			buildActionMask = 2147483647;
			files = (
				C5CF64482A08841700D24B61 /* MainUITests.swift in Sources */,
				C5CF644A2A08841700D24B61 /* MainUITestsLaunchTests.swift in Sources */,
			);
			runOnlyForDeploymentPostprocessing = 0;
		};
/* End PBXSourcesBuildPhase section */

/* Begin PBXTargetDependency section */
		C5CF643B2A08841700D24B61 /* PBXTargetDependency */ = {
			isa = PBXTargetDependency;
			target = C5CF64282A08841600D24B61 /* Main */;
			targetProxy = C5CF643A2A08841700D24B61 /* PBXContainerItemProxy */;
		};
		C5CF64452A08841700D24B61 /* PBXTargetDependency */ = {
			isa = PBXTargetDependency;
			target = C5CF64282A08841600D24B61 /* Main */;
			targetProxy = C5CF64442A08841700D24B61 /* PBXContainerItemProxy */;
		};
/* End PBXTargetDependency section */

/* Begin XCBuildConfiguration section */
		C5CF644B2A08841700D24B61 /* Debug */ = {
			isa = XCBuildConfiguration;
			buildSettings = {
				ALWAYS_SEARCH_USER_PATHS = NO;
				CLANG_ANALYZER_NONNULL = YES;
				CLANG_ANALYZER_NUMBER_OBJECT_CONVERSION = YES_AGGRESSIVE;
				CLANG_CXX_LANGUAGE_STANDARD = "gnu++20";
				CLANG_ENABLE_MODULES = YES;
				CLANG_ENABLE_OBJC_ARC = YES;
				CLANG_ENABLE_OBJC_WEAK = YES;
				CLANG_WARN_BLOCK_CAPTURE_AUTORELEASING = YES;
				CLANG_WARN_BOOL_CONVERSION = YES;
				CLANG_WARN_COMMA = YES;
				CLANG_WARN_CONSTANT_CONVERSION = YES;
				CLANG_WARN_DEPRECATED_OBJC_IMPLEMENTATIONS = YES;
				CLANG_WARN_DIRECT_OBJC_ISA_USAGE = YES_ERROR;
				CLANG_WARN_DOCUMENTATION_COMMENTS = YES;
				CLANG_WARN_EMPTY_BODY = YES;
				CLANG_WARN_ENUM_CONVERSION = YES;
				CLANG_WARN_INFINITE_RECURSION = YES;
				CLANG_WARN_INT_CONVERSION = YES;
				CLANG_WARN_NON_LITERAL_NULL_CONVERSION = YES;
				CLANG_WARN_OBJC_IMPLICIT_RETAIN_SELF = YES;
				CLANG_WARN_OBJC_LITERAL_CONVERSION = YES;
				CLANG_WARN_OBJC_ROOT_CLASS = YES_ERROR;
				CLANG_WARN_QUOTED_INCLUDE_IN_FRAMEWORK_HEADER = YES;
				CLANG_WARN_RANGE_LOOP_ANALYSIS = YES;
				CLANG_WARN_STRICT_PROTOTYPES = YES;
				CLANG_WARN_SUSPICIOUS_MOVE = YES;
				CLANG_WARN_UNGUARDED_AVAILABILITY = YES_AGGRESSIVE;
				CLANG_WARN_UNREACHABLE_CODE = YES;
				CLANG_WARN__DUPLICATE_METHOD_MATCH = YES;
				COPY_PHASE_STRIP = NO;
				DEBUG_INFORMATION_FORMAT = dwarf;
				ENABLE_STRICT_OBJC_MSGSEND = YES;
				ENABLE_TESTABILITY = YES;
				GCC_C_LANGUAGE_STANDARD = gnu11;
				GCC_DYNAMIC_NO_PIC = NO;
				GCC_NO_COMMON_BLOCKS = YES;
				GCC_OPTIMIZATION_LEVEL = 0;
				GCC_PREPROCESSOR_DEFINITIONS = (
					"DEBUG=1",
					"$(inherited)",
				);
				GCC_WARN_64_TO_32_BIT_CONVERSION = YES;
				GCC_WARN_ABOUT_RETURN_TYPE = YES_ERROR;
				GCC_WARN_UNDECLARED_SELECTOR = YES;
				GCC_WARN_UNINITIALIZED_AUTOS = YES_AGGRESSIVE;
				GCC_WARN_UNUSED_FUNCTION = YES;
				GCC_WARN_UNUSED_VARIABLE = YES;
				IPHONEOS_DEPLOYMENT_TARGET = 16.4;
				MTL_ENABLE_DEBUG_INFO = INCLUDE_SOURCE;
				MTL_FAST_MATH = YES;
				ONLY_ACTIVE_ARCH = YES;
				SDKROOT = iphoneos;
				SWIFT_ACTIVE_COMPILATION_CONDITIONS = DEBUG;
				SWIFT_OPTIMIZATION_LEVEL = "-Onone";
			};
			name = Debug;
		};
		C5CF644C2A08841700D24B61 /* Release */ = {
			isa = XCBuildConfiguration;
			buildSettings = {
				ALWAYS_SEARCH_USER_PATHS = NO;
				CLANG_ANALYZER_NONNULL = YES;
				CLANG_ANALYZER_NUMBER_OBJECT_CONVERSION = YES_AGGRESSIVE;
				CLANG_CXX_LANGUAGE_STANDARD = "gnu++20";
				CLANG_ENABLE_MODULES = YES;
				CLANG_ENABLE_OBJC_ARC = YES;
				CLANG_ENABLE_OBJC_WEAK = YES;
				CLANG_WARN_BLOCK_CAPTURE_AUTORELEASING = YES;
				CLANG_WARN_BOOL_CONVERSION = YES;
				CLANG_WARN_COMMA = YES;
				CLANG_WARN_CONSTANT_CONVERSION = YES;
				CLANG_WARN_DEPRECATED_OBJC_IMPLEMENTATIONS = YES;
				CLANG_WARN_DIRECT_OBJC_ISA_USAGE = YES_ERROR;
				CLANG_WARN_DOCUMENTATION_COMMENTS = YES;
				CLANG_WARN_EMPTY_BODY = YES;
				CLANG_WARN_ENUM_CONVERSION = YES;
				CLANG_WARN_INFINITE_RECURSION = YES;
				CLANG_WARN_INT_CONVERSION = YES;
				CLANG_WARN_NON_LITERAL_NULL_CONVERSION = YES;
				CLANG_WARN_OBJC_IMPLICIT_RETAIN_SELF = YES;
				CLANG_WARN_OBJC_LITERAL_CONVERSION = YES;
				CLANG_WARN_OBJC_ROOT_CLASS = YES_ERROR;
				CLANG_WARN_QUOTED_INCLUDE_IN_FRAMEWORK_HEADER = YES;
				CLANG_WARN_RANGE_LOOP_ANALYSIS = YES;
				CLANG_WARN_STRICT_PROTOTYPES = YES;
				CLANG_WARN_SUSPICIOUS_MOVE = YES;
				CLANG_WARN_UNGUARDED_AVAILABILITY = YES_AGGRESSIVE;
				CLANG_WARN_UNREACHABLE_CODE = YES;
				CLANG_WARN__DUPLICATE_METHOD_MATCH = YES;
				COPY_PHASE_STRIP = NO;
				DEBUG_INFORMATION_FORMAT = "dwarf-with-dsym";
				ENABLE_NS_ASSERTIONS = NO;
				ENABLE_STRICT_OBJC_MSGSEND = YES;
				GCC_C_LANGUAGE_STANDARD = gnu11;
				GCC_NO_COMMON_BLOCKS = YES;
				GCC_WARN_64_TO_32_BIT_CONVERSION = YES;
				GCC_WARN_ABOUT_RETURN_TYPE = YES_ERROR;
				GCC_WARN_UNDECLARED_SELECTOR = YES;
				GCC_WARN_UNINITIALIZED_AUTOS = YES_AGGRESSIVE;
				GCC_WARN_UNUSED_FUNCTION = YES;
				GCC_WARN_UNUSED_VARIABLE = YES;
				IPHONEOS_DEPLOYMENT_TARGET = 16.4;
				MTL_ENABLE_DEBUG_INFO = NO;
				MTL_FAST_MATH = YES;
				SDKROOT = iphoneos;
				SWIFT_COMPILATION_MODE = wholemodule;
				SWIFT_OPTIMIZATION_LEVEL = "-O";
				VALIDATE_PRODUCT = YES;
			};
			name = Release;
		};
		C5CF644E2A08841700D24B61 /* Debug */ = {
			isa = XCBuildConfiguration;
			buildSettings = {
				ASSETCATALOG_COMPILER_APPICON_NAME = AppIcon;
				ASSETCATALOG_COMPILER_GLOBAL_ACCENT_COLOR_NAME = AccentColor;
				CODE_SIGN_STYLE = Automatic;
				CURRENT_PROJECT_VERSION = 1;
				DEVELOPMENT_ASSET_PATHS = "\"Main/Preview Content\"";
				DEVELOPMENT_TEAM = 895F7JFK48;
				ENABLE_PREVIEWS = YES;
				GENERATE_INFOPLIST_FILE = YES;
				INFOPLIST_KEY_UIApplicationSceneManifest_Generation = YES;
				INFOPLIST_KEY_UIApplicationSupportsIndirectInputEvents = YES;
				INFOPLIST_KEY_UILaunchScreen_Generation = YES;
				INFOPLIST_KEY_UISupportedInterfaceOrientations_iPad = "UIInterfaceOrientationPortrait UIInterfaceOrientationPortraitUpsideDown UIInterfaceOrientationLandscapeLeft UIInterfaceOrientationLandscapeRight";
				INFOPLIST_KEY_UISupportedInterfaceOrientations_iPhone = "UIInterfaceOrientationPortrait UIInterfaceOrientationLandscapeLeft UIInterfaceOrientationLandscapeRight";
				LD_RUNPATH_SEARCH_PATHS = (
					"$(inherited)",
					"@executable_path/Frameworks",
				);
				MARKETING_VERSION = 1.0;
				PRODUCT_BUNDLE_IDENTIFIER = HyelinKim.Main;
				PRODUCT_NAME = "$(TARGET_NAME)";
				SWIFT_EMIT_LOC_STRINGS = YES;
				SWIFT_VERSION = 5.0;
				TARGETED_DEVICE_FAMILY = "1,2";
			};
			name = Debug;
		};
		C5CF644F2A08841700D24B61 /* Release */ = {
			isa = XCBuildConfiguration;
			buildSettings = {
				ASSETCATALOG_COMPILER_APPICON_NAME = AppIcon;
				ASSETCATALOG_COMPILER_GLOBAL_ACCENT_COLOR_NAME = AccentColor;
				CODE_SIGN_STYLE = Automatic;
				CURRENT_PROJECT_VERSION = 1;
				DEVELOPMENT_ASSET_PATHS = "\"Main/Preview Content\"";
				DEVELOPMENT_TEAM = 895F7JFK48;
				ENABLE_PREVIEWS = YES;
				GENERATE_INFOPLIST_FILE = YES;
				INFOPLIST_KEY_UIApplicationSceneManifest_Generation = YES;
				INFOPLIST_KEY_UIApplicationSupportsIndirectInputEvents = YES;
				INFOPLIST_KEY_UILaunchScreen_Generation = YES;
				INFOPLIST_KEY_UISupportedInterfaceOrientations_iPad = "UIInterfaceOrientationPortrait UIInterfaceOrientationPortraitUpsideDown UIInterfaceOrientationLandscapeLeft UIInterfaceOrientationLandscapeRight";
				INFOPLIST_KEY_UISupportedInterfaceOrientations_iPhone = "UIInterfaceOrientationPortrait UIInterfaceOrientationLandscapeLeft UIInterfaceOrientationLandscapeRight";
				LD_RUNPATH_SEARCH_PATHS = (
					"$(inherited)",
					"@executable_path/Frameworks",
				);
				MARKETING_VERSION = 1.0;
				PRODUCT_BUNDLE_IDENTIFIER = HyelinKim.Main;
				PRODUCT_NAME = "$(TARGET_NAME)";
				SWIFT_EMIT_LOC_STRINGS = YES;
				SWIFT_VERSION = 5.0;
				TARGETED_DEVICE_FAMILY = "1,2";
			};
			name = Release;
		};
		C5CF64512A08841700D24B61 /* Debug */ = {
			isa = XCBuildConfiguration;
			buildSettings = {
				ALWAYS_EMBED_SWIFT_STANDARD_LIBRARIES = YES;
				BUNDLE_LOADER = "$(TEST_HOST)";
				CODE_SIGN_STYLE = Automatic;
				CURRENT_PROJECT_VERSION = 1;
				DEVELOPMENT_TEAM = 895F7JFK48;
				GENERATE_INFOPLIST_FILE = YES;
				IPHONEOS_DEPLOYMENT_TARGET = 16.4;
				MARKETING_VERSION = 1.0;
				PRODUCT_BUNDLE_IDENTIFIER = HyelinKim.MainTests;
				PRODUCT_NAME = "$(TARGET_NAME)";
				SWIFT_EMIT_LOC_STRINGS = NO;
				SWIFT_VERSION = 5.0;
				TARGETED_DEVICE_FAMILY = "1,2";
				TEST_HOST = "$(BUILT_PRODUCTS_DIR)/Main.app/$(BUNDLE_EXECUTABLE_FOLDER_PATH)/Main";
			};
			name = Debug;
		};
		C5CF64522A08841700D24B61 /* Release */ = {
			isa = XCBuildConfiguration;
			buildSettings = {
				ALWAYS_EMBED_SWIFT_STANDARD_LIBRARIES = YES;
				BUNDLE_LOADER = "$(TEST_HOST)";
				CODE_SIGN_STYLE = Automatic;
				CURRENT_PROJECT_VERSION = 1;
				DEVELOPMENT_TEAM = 895F7JFK48;
				GENERATE_INFOPLIST_FILE = YES;
				IPHONEOS_DEPLOYMENT_TARGET = 16.4;
				MARKETING_VERSION = 1.0;
				PRODUCT_BUNDLE_IDENTIFIER = HyelinKim.MainTests;
				PRODUCT_NAME = "$(TARGET_NAME)";
				SWIFT_EMIT_LOC_STRINGS = NO;
				SWIFT_VERSION = 5.0;
				TARGETED_DEVICE_FAMILY = "1,2";
				TEST_HOST = "$(BUILT_PRODUCTS_DIR)/Main.app/$(BUNDLE_EXECUTABLE_FOLDER_PATH)/Main";
			};
			name = Release;
		};
		C5CF64542A08841700D24B61 /* Debug */ = {
			isa = XCBuildConfiguration;
			buildSettings = {
				ALWAYS_EMBED_SWIFT_STANDARD_LIBRARIES = YES;
				CODE_SIGN_STYLE = Automatic;
				CURRENT_PROJECT_VERSION = 1;
				DEVELOPMENT_TEAM = 895F7JFK48;
				GENERATE_INFOPLIST_FILE = YES;
				MARKETING_VERSION = 1.0;
				PRODUCT_BUNDLE_IDENTIFIER = HyelinKim.MainUITests;
				PRODUCT_NAME = "$(TARGET_NAME)";
				SWIFT_EMIT_LOC_STRINGS = NO;
				SWIFT_VERSION = 5.0;
				TARGETED_DEVICE_FAMILY = "1,2";
				TEST_TARGET_NAME = Main;
			};
			name = Debug;
		};
		C5CF64552A08841700D24B61 /* Release */ = {
			isa = XCBuildConfiguration;
			buildSettings = {
				ALWAYS_EMBED_SWIFT_STANDARD_LIBRARIES = YES;
				CODE_SIGN_STYLE = Automatic;
				CURRENT_PROJECT_VERSION = 1;
				DEVELOPMENT_TEAM = 895F7JFK48;
				GENERATE_INFOPLIST_FILE = YES;
				MARKETING_VERSION = 1.0;
				PRODUCT_BUNDLE_IDENTIFIER = HyelinKim.MainUITests;
				PRODUCT_NAME = "$(TARGET_NAME)";
				SWIFT_EMIT_LOC_STRINGS = NO;
				SWIFT_VERSION = 5.0;
				TARGETED_DEVICE_FAMILY = "1,2";
				TEST_TARGET_NAME = Main;
			};
			name = Release;
		};
/* End XCBuildConfiguration section */

/* Begin XCConfigurationList section */
		C5CF64242A08841600D24B61 /* Build configuration list for PBXProject "Main" */ = {
			isa = XCConfigurationList;
			buildConfigurations = (
				C5CF644B2A08841700D24B61 /* Debug */,
				C5CF644C2A08841700D24B61 /* Release */,
			);
			defaultConfigurationIsVisible = 0;
			defaultConfigurationName = Release;
		};
		C5CF644D2A08841700D24B61 /* Build configuration list for PBXNativeTarget "Main" */ = {
			isa = XCConfigurationList;
			buildConfigurations = (
				C5CF644E2A08841700D24B61 /* Debug */,
				C5CF644F2A08841700D24B61 /* Release */,
			);
			defaultConfigurationIsVisible = 0;
			defaultConfigurationName = Release;
		};
		C5CF64502A08841700D24B61 /* Build configuration list for PBXNativeTarget "MainTests" */ = {
			isa = XCConfigurationList;
			buildConfigurations = (
				C5CF64512A08841700D24B61 /* Debug */,
				C5CF64522A08841700D24B61 /* Release */,
			);
			defaultConfigurationIsVisible = 0;
			defaultConfigurationName = Release;
		};
		C5CF64532A08841700D24B61 /* Build configuration list for PBXNativeTarget "MainUITests" */ = {
			isa = XCConfigurationList;
			buildConfigurations = (
				C5CF64542A08841700D24B61 /* Debug */,
				C5CF64552A08841700D24B61 /* Release */,
			);
			defaultConfigurationIsVisible = 0;
			defaultConfigurationName = Release;
		};
/* End XCConfigurationList section */
	};
	rootObject = C5CF64212A08841600D24B61 /* Project object */;
}
